
Microsoft Visual Studio Solution File, Format Version 12.00
# Visual Studio 2013
VisualStudioVersion = 12.0.31101.0
MinimumVisualStudioVersion = 10.0.40219.1
Project("{FAE04EC0-301F-11D3-BF4B-00C04F79EFBC}") = "PeriodicEvaluation", "PeriodicEvaluation\PeriodicEvaluation.csproj", "{AF0A5130-B960-457F-B5C2-7EE119583AEA}"
EndProject
Global
	GlobalSection(SolutionConfigurationPlatforms) = preSolution
		Debug|Any CPU = Debug|Any CPU
		Release|Any CPU = Release|Any CPU
	EndGlobalSection
	GlobalSection(ProjectConfigurationPlatforms) = postSolution
		{AF0A5130-B960-457F-B5C2-7EE119583AEA}.Debug|Any CPU.ActiveCfg = Debug|Any CPU
		{AF0A5130-B960-457F-B5C2-7EE119583AEA}.Debug|Any CPU.Build.0 = Debug|Any CPU
		{AF0A5130-B960-457F-B5C2-7EE119583AEA}.Release|Any CPU.ActiveCfg = Release|Any CPU
		{AF0A5130-B960-457F-B5C2-7EE119583AEA}.Release|Any CPU.Build.0 = Release|Any CPU
	EndGlobalSection
	GlobalSection(SolutionProperties) = preSolution
		HideSolutionNode = FALSE
	EndGlobalSection
EndGlobal
